
Microsoft Visual Studio Solution File, Format Version 12.00
# Visual Studio Version 17
VisualStudioVersion = 17.1.32328.378
MinimumVisualStudioVersion = 10.0.40219.1
Project("{FAE04EC0-301F-11D3-BF4B-00C04F79EFBC}") = "Princess Connect Unit Viewer", "Princess Connect Unit Viewer.csproj", "{2B3F5C03-1C2D-4F1E-B4EB-DDE115C60980}"
EndProject
Global
	GlobalSection(SolutionConfigurationPlatforms) = preSolution
		Debug|Any CPU = Debug|Any CPU
		Release|Any CPU = Release|Any CPU
	EndGlobalSection
	GlobalSection(ProjectConfigurationPlatforms) = postSolution
		{2B3F5C03-1C2D-4F1E-B4EB-DDE115C60980}.Debug|Any CPU.ActiveCfg = Debug|Any CPU
		{2B3F5C03-1C2D-4F1E-B4EB-DDE115C60980}.Debug|Any CPU.Build.0 = Debug|Any CPU
		{2B3F5C03-1C2D-4F1E-B4EB-DDE115C60980}.Release|Any CPU.ActiveCfg = Release|Any CPU
		{2B3F5C03-1C2D-4F1E-B4EB-DDE115C60980}.Release|Any CPU.Build.0 = Release|Any CPU
	EndGlobalSection
	GlobalSection(SolutionProperties) = preSolution
		HideSolutionNode = FALSE
	EndGlobalSection
	GlobalSection(ExtensibilityGlobals) = postSolution
		SolutionGuid = {D9CE2AC0-7C22-43C5-A047-E1A47065FC8B}
	EndGlobalSection
EndGlobal
